
Microsoft Visual Studio Solution File, Format Version 12.00
# Visual Studio 15
VisualStudioVersion = 15.0.27703.2000
MinimumVisualStudioVersion = 10.0.40219.1
Project("{FAE04EC0-301F-11D3-BF4B-00C04F79EFBC}") = "AuroniaDemoApp", "AuroniaDemoApp\AuroniaDemoApp.csproj", "{6A6BE0B5-5AD4-43D7-97E9-C70EF0FE16AD}"
EndProject
Project("{FAE04EC0-301F-11D3-BF4B-00C04F79EFBC}") = "Neosmartpen.Net", "Neosmartpen.Net\Neosmartpen.Net.csproj", "{16297E2B-052F-4A7E-BCB0-9B52C6420F34}"
EndProject
Project("{FAE04EC0-301F-11D3-BF4B-00C04F79EFBC}") = "Neosmartpen.Net.Protocol.v1", "Neosmartpen.Net.Protocol.v1\Neosmartpen.Net.Protocol.v1.csproj", "{8B255C73-2B9D-438D-BCBC-5CF9C4ECD82B}"
EndProject
Project("{FAE04EC0-301F-11D3-BF4B-00C04F79EFBC}") = "Neosmartpen.Net.Protocol.v2", "Neosmartpen.Net.Protocol.v2\Neosmartpen.Net.Protocol.v2.csproj", "{63FE81C9-53F4-4D52-BECE-40EAA0D31998}"
EndProject
Global
	GlobalSection(SolutionConfigurationPlatforms) = preSolution
		Debug|Any CPU = Debug|Any CPU
		Debug|x64 = Debug|x64
		Release|Any CPU = Release|Any CPU
		Release|x64 = Release|x64
	EndGlobalSection
	GlobalSection(ProjectConfigurationPlatforms) = postSolution
		{6A6BE0B5-5AD4-43D7-97E9-C70EF0FE16AD}.Debug|Any CPU.ActiveCfg = Debug|Any CPU
		{6A6BE0B5-5AD4-43D7-97E9-C70EF0FE16AD}.Debug|Any CPU.Build.0 = Debug|Any CPU
		{6A6BE0B5-5AD4-43D7-97E9-C70EF0FE16AD}.Debug|x64.ActiveCfg = Debug|Any CPU
		{6A6BE0B5-5AD4-43D7-97E9-C70EF0FE16AD}.Debug|x64.Build.0 = Debug|Any CPU
		{6A6BE0B5-5AD4-43D7-97E9-C70EF0FE16AD}.Release|Any CPU.ActiveCfg = Release|Any CPU
		{6A6BE0B5-5AD4-43D7-97E9-C70EF0FE16AD}.Release|Any CPU.Build.0 = Release|Any CPU
		{6A6BE0B5-5AD4-43D7-97E9-C70EF0FE16AD}.Release|x64.ActiveCfg = Release|Any CPU
		{6A6BE0B5-5AD4-43D7-97E9-C70EF0FE16AD}.Release|x64.Build.0 = Release|Any CPU
		{16297E2B-052F-4A7E-BCB0-9B52C6420F34}.Debug|Any CPU.ActiveCfg = Debug|Any CPU
		{16297E2B-052F-4A7E-BCB0-9B52C6420F34}.Debug|Any CPU.Build.0 = Debug|Any CPU
		{16297E2B-052F-4A7E-BCB0-9B52C6420F34}.Debug|x64.ActiveCfg = Debug|x64
		{16297E2B-052F-4A7E-BCB0-9B52C6420F34}.Debug|x64.Build.0 = Debug|x64
		{16297E2B-052F-4A7E-BCB0-9B52C6420F34}.Release|Any CPU.ActiveCfg = Release|Any CPU
		{16297E2B-052F-4A7E-BCB0-9B52C6420F34}.Release|Any CPU.Build.0 = Release|Any CPU
		{16297E2B-052F-4A7E-BCB0-9B52C6420F34}.Release|x64.ActiveCfg = Release|x64
		{16297E2B-052F-4A7E-BCB0-9B52C6420F34}.Release|x64.Build.0 = Release|x64
		{8B255C73-2B9D-438D-BCBC-5CF9C4ECD82B}.Debug|Any CPU.ActiveCfg = Debug|Any CPU
		{8B255C73-2B9D-438D-BCBC-5CF9C4ECD82B}.Debug|Any CPU.Build.0 = Debug|Any CPU
		{8B255C73-2B9D-438D-BCBC-5CF9C4ECD82B}.Debug|x64.ActiveCfg = Debug|x64
		{8B255C73-2B9D-438D-BCBC-5CF9C4ECD82B}.Debug|x64.Build.0 = Debug|x64
		{8B255C73-2B9D-438D-BCBC-5CF9C4ECD82B}.Release|Any CPU.ActiveCfg = Release|Any CPU
		{8B255C73-2B9D-438D-BCBC-5CF9C4ECD82B}.Release|Any CPU.Build.0 = Release|Any CPU
		{8B255C73-2B9D-438D-BCBC-5CF9C4ECD82B}.Release|x64.ActiveCfg = Release|x64
		{8B255C73-2B9D-438D-BCBC-5CF9C4ECD82B}.Release|x64.Build.0 = Release|x64
		{63FE81C9-53F4-4D52-BECE-40EAA0D31998}.Debug|Any CPU.ActiveCfg = Debug|Any CPU
		{63FE81C9-53F4-4D52-BECE-40EAA0D31998}.Debug|Any CPU.Build.0 = Debug|Any CPU
		{63FE81C9-53F4-4D52-BECE-40EAA0D31998}.Debug|x64.ActiveCfg = Debug|x64
		{63FE81C9-53F4-4D52-BECE-40EAA0D31998}.Debug|x64.Build.0 = Debug|x64
		{63FE81C9-53F4-4D52-BECE-40EAA0D31998}.Release|Any CPU.ActiveCfg = Release|Any CPU
		{63FE81C9-53F4-4D52-BECE-40EAA0D31998}.Release|Any CPU.Build.0 = Release|Any CPU
		{63FE81C9-53F4-4D52-BECE-40EAA0D31998}.Release|x64.ActiveCfg = Release|x64
		{63FE81C9-53F4-4D52-BECE-40EAA0D31998}.Release|x64.Build.0 = Release|x64
	EndGlobalSection
	GlobalSection(SolutionProperties) = preSolution
		HideSolutionNode = FALSE
	EndGlobalSection
	GlobalSection(ExtensibilityGlobals) = postSolution
		SolutionGuid = {8CD6EF92-ED40-4800-9CB8-7AD971948BC8}
	EndGlobalSection
EndGlobal
